{
  "version": "5",
  "specifiers": {
    "jsr:@std/cli@^1.0.29": "1.0.29",
    "jsr:@std/encoding@^1.0.10": "1.0.10",
    "jsr:@std/fmt@^1.0.10": "1.0.10",
    "jsr:@std/fs@^1.0.23": "1.0.23",
    "jsr:@std/html@^1.0.6": "1.0.6",
    "jsr:@std/http@*": "1.1.0",
    "jsr:@std/internal@^1.0.12": "1.0.13",
    "jsr:@std/media-types@^1.1.0": "1.1.0",
    "jsr:@std/net@^1.0.6": "1.0.6",
    "jsr:@std/path@^1.1.4": "1.1.4",
    "jsr:@std/streams@^1.1.0": "1.1.0"
  },
  "jsr": {
    "@std/cli@1.0.29": {
      "integrity": "fa4ef29130baa834d8a13b7d138240c3a2fcfba740bfb7afa646a360a15ec84f"
    },
    "@std/encoding@1.0.10": {
      "integrity": "8783c6384a2d13abd5e9e87a7ae0520a30e9f56aeeaa3bdf910a3eaaf5c811a1"
    },
    "@std/fmt@1.0.10": {
      "integrity": "90dfba288802ac6de82fb31d0917eb9e4450b9925b954d5e51fc29ac07419db5"
    },
    "@std/fs@1.0.23": {
      "integrity": "3ecbae4ce4fee03b180fa710caff36bb5adb66631c46a6460aaad49515565a37"
    },
    "@std/html@1.0.6": {
      "integrity": "eaf759c8141e0733ca30eb49e4c08d8e6ca442b85c4d51f9894a56f502993e08"
    },
    "@std/http@1.1.0": {
      "integrity": "265cd9a589fea924c5bb0bbed8bebb4bb2fa19129f760bd014e78dbd7a365a51",
      "dependencies": [
        "jsr:@std/cli",
        "jsr:@std/encoding",
        "jsr:@std/fmt",
        "jsr:@std/fs",
        "jsr:@std/html",
        "jsr:@std/media-types",
        "jsr:@std/net",
        "jsr:@std/path",
        "jsr:@std/streams"
      ]
    },
    "@std/internal@1.0.13": {
      "integrity": "2f9546691d4ac2d32859c82dff284aaeac980ddeca38430d07941e7e288725c0"
    },
    "@std/media-types@1.1.0": {
      "integrity": "c9d093f0c05c3512932b330e3cc1fe1d627b301db33a4c2c2185c02471d6eaa4"
    },
    "@std/net@1.0.6": {
      "integrity": "110735f93e95bb9feb95790a8b1d1bf69ec0dc74f3f97a00a76ea5efea25500c"
    },
    "@std/path@1.1.4": {
      "integrity": "1d2d43f39efb1b42f0b1882a25486647cb851481862dc7313390b2bb044314b5",
      "dependencies": [
        "jsr:@std/internal"
      ]
    },
    "@std/streams@1.1.0": {
      "integrity": "2f7024d841f343fd478afe0c958a3f0f068ef2a0d2bcc954f550f97ac1fa22e3"
    }
  },
  "redirects": {
    "https://esm.sh/@octokit/app@^16.1.2?target=denonext": "https://esm.sh/@octokit/app@16.1.2?target=denonext",
    "https://esm.sh/@octokit/auth-app@^8.1.2?target=denonext": "https://esm.sh/@octokit/auth-app@8.2.0?target=denonext",
    "https://esm.sh/@octokit/auth-oauth-app@^9.0.2?target=denonext": "https://esm.sh/@octokit/auth-oauth-app@9.0.3?target=denonext",
    "https://esm.sh/@octokit/auth-oauth-app@^9.0.3?target=denonext": "https://esm.sh/@octokit/auth-oauth-app@9.0.3?target=denonext",
    "https://esm.sh/@octokit/auth-oauth-device@^8.0.3?target=denonext": "https://esm.sh/@octokit/auth-oauth-device@8.0.3?target=denonext",
    "https://esm.sh/@octokit/auth-oauth-user@^6.0.1?target=denonext": "https://esm.sh/@octokit/auth-oauth-user@6.0.2?target=denonext",
    "https://esm.sh/@octokit/auth-oauth-user@^6.0.2?target=denonext": "https://esm.sh/@octokit/auth-oauth-user@6.0.2?target=denonext",
    "https://esm.sh/@octokit/auth-token@^6.0.0?target=denonext": "https://esm.sh/@octokit/auth-token@6.0.0?target=denonext",
    "https://esm.sh/@octokit/auth-unauthenticated@^7.0.2?target=denonext": "https://esm.sh/@octokit/auth-unauthenticated@7.0.3?target=denonext",
    "https://esm.sh/@octokit/auth-unauthenticated@^7.0.3?target=denonext": "https://esm.sh/@octokit/auth-unauthenticated@7.0.3?target=denonext",
    "https://esm.sh/@octokit/core@^7.0.5?target=denonext": "https://esm.sh/@octokit/core@7.0.6?target=denonext",
    "https://esm.sh/@octokit/core@^7.0.6?target=denonext": "https://esm.sh/@octokit/core@7.0.6?target=denonext",
    "https://esm.sh/@octokit/endpoint@^11.0.3?target=denonext": "https://esm.sh/@octokit/endpoint@11.0.3?target=denonext",
    "https://esm.sh/@octokit/graphql@^9.0.3?target=denonext": "https://esm.sh/@octokit/graphql@9.0.3?target=denonext",
    "https://esm.sh/@octokit/oauth-app@^8.0.3?target=denonext": "https://esm.sh/@octokit/oauth-app@8.0.3?target=denonext",
    "https://esm.sh/@octokit/oauth-authorization-url@^8.0.0?target=denonext": "https://esm.sh/@octokit/oauth-authorization-url@8.0.0?target=denonext",
    "https://esm.sh/@octokit/oauth-methods@^6.0.1?target=denonext": "https://esm.sh/@octokit/oauth-methods@6.0.2?target=denonext",
    "https://esm.sh/@octokit/oauth-methods@^6.0.2?target=denonext": "https://esm.sh/@octokit/oauth-methods@6.0.2?target=denonext",
    "https://esm.sh/@octokit/plugin-paginate-graphql@^6.0.0?target=denonext": "https://esm.sh/@octokit/plugin-paginate-graphql@6.0.0?target=denonext",
    "https://esm.sh/@octokit/plugin-paginate-rest@^14.0.0?target=denonext": "https://esm.sh/@octokit/plugin-paginate-rest@14.0.0?target=denonext",
    "https://esm.sh/@octokit/plugin-rest-endpoint-methods@^17.0.0?target=denonext": "https://esm.sh/@octokit/plugin-rest-endpoint-methods@17.0.0?target=denonext",
    "https://esm.sh/@octokit/plugin-retry@^8.0.3?target=denonext": "https://esm.sh/@octokit/plugin-retry@8.1.0?target=denonext",
    "https://esm.sh/@octokit/plugin-throttling@^11.0.3?target=denonext": "https://esm.sh/@octokit/plugin-throttling@11.0.3?target=denonext",
    "https://esm.sh/@octokit/request-error@^7.0.2?target=denonext": "https://esm.sh/@octokit/request-error@7.1.0?target=denonext",
    "https://esm.sh/@octokit/request@^10.0.6?target=denonext": "https://esm.sh/@octokit/request@10.0.8?target=denonext",
    "https://esm.sh/@octokit/webhooks-methods@^6.0.0?target=denonext": "https://esm.sh/@octokit/webhooks-methods@6.0.0?target=denonext",
    "https://esm.sh/@octokit/webhooks@^14.0.0?target=denonext": "https://esm.sh/@octokit/webhooks@14.2.0?target=denonext",
    "https://esm.sh/before-after-hook@^4.0.0?target=denonext": "https://esm.sh/before-after-hook@4.0.0?target=denonext",
    "https://esm.sh/bottleneck@^2.15.3/light?target=denonext": "https://esm.sh/bottleneck@2.19.5/light?target=denonext",
    "https://esm.sh/fast-content-type-parse@^3.0.0?target=denonext": "https://esm.sh/fast-content-type-parse@3.0.0?target=denonext",
    "https://esm.sh/json-with-bigint@^3.5.3?target=denonext": "https://esm.sh/json-with-bigint@3.5.8?target=denonext",
    "https://esm.sh/octokit?dts": "https://esm.sh/octokit@5.0.5?dts",
    "https://esm.sh/toad-cache@^3.7.0?target=denonext": "https://esm.sh/toad-cache@3.7.0?target=denonext",
    "https://esm.sh/universal-github-app-jwt@^2.2.0?target=denonext": "https://esm.sh/universal-github-app-jwt@2.2.2?target=denonext",
    "https://esm.sh/universal-user-agent@^7.0.0?target=denonext": "https://esm.sh/universal-user-agent@7.0.3?target=denonext",
    "https://esm.sh/universal-user-agent@^7.0.2?target=denonext": "https://esm.sh/universal-user-agent@7.0.3?target=denonext"
  },
  "remote": {
    "https://esm.sh/@octokit/app@16.1.2/denonext/app.mjs": "ce4d19136a4811339241d99987d36f3537bed5353ecf0f05b86404b5e4c11207",
    "https://esm.sh/@octokit/app@16.1.2?target=denonext": "2307991e68673e170f1524847e873a99873140fed9132c9e1a4211958ff792bc",
    "https://esm.sh/@octokit/auth-app@8.2.0/denonext/auth-app.mjs": "af27f989efabe66b528f788f5897200652ffd2bc0b7f46c94046c2d225a8cae1",
    "https://esm.sh/@octokit/auth-app@8.2.0?target=denonext": "b858111c619fbeb038426c04d8df7d9ef8cef5fa23ee28a8f1ac4edbd16c90e9",
    "https://esm.sh/@octokit/auth-oauth-app@9.0.3/denonext/auth-oauth-app.mjs": "c9d1191e590ced46692bb3589803d081c5bb9a3de7bcdf3032c6e475d5287724",
    "https://esm.sh/@octokit/auth-oauth-app@9.0.3?target=denonext": "d6956e7b9a82c8c4be5e9a86ad105909f7768cb1f429f91db19c3b99b2d96c21",
    "https://esm.sh/@octokit/auth-oauth-device@8.0.3/denonext/auth-oauth-device.mjs": "0c8a6d2070a5e1ca214be1c60bee204efc238a64217b00b9ec487e9619058ed5",
    "https://esm.sh/@octokit/auth-oauth-device@8.0.3?target=denonext": "3a316939fa5900493e5c32a87889892ca29ad9d10a148b8cee946d58f21a7af6",
    "https://esm.sh/@octokit/auth-oauth-user@6.0.2/denonext/auth-oauth-user.mjs": "50072b6d76c2724208ce2cfa49d03af13be172cf5821c86a1f338eaa79c5a59e",
    "https://esm.sh/@octokit/auth-oauth-user@6.0.2?target=denonext": "edb96706e500eb279e16b706b21a26abdd2b86d197f228849b4da17e72d47e77",
    "https://esm.sh/@octokit/auth-token@6.0.0/denonext/auth-token.mjs": "ef9f8c59ca2597cc1f2b04f5640f55fcb5fa48de98e0d0250411d00858abdd2d",
    "https://esm.sh/@octokit/auth-token@6.0.0?target=denonext": "edfa317d09714ee0db614953d74ccf8a0ba5764e13b3df64c93057f427c0824a",
    "https://esm.sh/@octokit/auth-unauthenticated@7.0.3/denonext/auth-unauthenticated.mjs": "343b5e7594ce25717d2c1afc7b34a3ef837e402912a16ca4544d57a230e7da65",
    "https://esm.sh/@octokit/auth-unauthenticated@7.0.3?target=denonext": "bc9b84cdee6b5f026ad6fb3f08dcc839dfc6c10930f682377b8c1fb2ab69d7a9",
    "https://esm.sh/@octokit/core@7.0.6/denonext/core.mjs": "aec0e55f325e16d194f04c30a356be2c3dcd871d620bded1f193f7fe8a6f5b0e",
    "https://esm.sh/@octokit/core@7.0.6?target=denonext": "e85e5c794ae36332dd0c48c51d4986b46f0fb72dcb8d96a789cc70d2ce27fb2e",
    "https://esm.sh/@octokit/endpoint@11.0.3/denonext/endpoint.mjs": "0863cbd82da2beba1065ace65a066be00c5d832abcb14f3253797077d493bb24",
    "https://esm.sh/@octokit/endpoint@11.0.3?target=denonext": "f92da86f7d9083c94b68f14445b439ae1da44f876f7ae8a4ebeb7f27e3577df6",
    "https://esm.sh/@octokit/graphql@9.0.3/denonext/graphql.mjs": "b949d1b63c119c9b319ff737be058a9508b4f0be43c647118f29f197cb23311a",
    "https://esm.sh/@octokit/graphql@9.0.3?target=denonext": "78dcc6fadf8b81c866d738695874b75cfe891156842369d6b94324393ecaa064",
    "https://esm.sh/@octokit/oauth-app@8.0.3/denonext/oauth-app.mjs": "4206386b5ddb90b00644dc8d6aa01453cdcf6bf272aeff11e3763cfc28a2f5ec",
    "https://esm.sh/@octokit/oauth-app@8.0.3?target=denonext": "4d07df28d8c73aadfbe06b1ee19376e52e47405c19fae5e4973199e9e855f95d",
    "https://esm.sh/@octokit/oauth-authorization-url@8.0.0/denonext/oauth-authorization-url.mjs": "5fb31dffe819f3cf2b56330775e8080d044ea8f0ab410ba713cda2d3456c495e",
    "https://esm.sh/@octokit/oauth-authorization-url@8.0.0?target=denonext": "776b9aec0c52fce04fb478f7f1ea22c8b4db81d05e8dbdc741edfa22952d257a",
    "https://esm.sh/@octokit/oauth-methods@6.0.2/denonext/oauth-methods.mjs": "52de855d6030833fa470bd4d9715629d61f4ad70d8a571e07ee90e53a25e05af",
    "https://esm.sh/@octokit/oauth-methods@6.0.2?target=denonext": "12c121a3c8370fdd24ff0997a565ff78f822bef7f8c13d194ba085aadf075784",
    "https://esm.sh/@octokit/plugin-paginate-graphql@6.0.0/denonext/plugin-paginate-graphql.mjs": "d940e5fc46be315436b20fb04d9ac6ce6f25aad2ae4390bcc7616b1b9653b83f",
    "https://esm.sh/@octokit/plugin-paginate-graphql@6.0.0?target=denonext": "a6526533afe0707275b993dab782d4064f081804b389bdbab4d286149de46b5e",
    "https://esm.sh/@octokit/plugin-paginate-rest@14.0.0/denonext/plugin-paginate-rest.mjs": "19ad4414c4eebcaa2c08a09c05a2882b831e79e830c672fe8ec81928d393ea62",
    "https://esm.sh/@octokit/plugin-paginate-rest@14.0.0?target=denonext": "3089c354c27f175e6dbfcaf5b18ab57774a22997dab26c59c2f42d080c112eb0",
    "https://esm.sh/@octokit/plugin-rest-endpoint-methods@17.0.0/denonext/plugin-rest-endpoint-methods.mjs": "2ac009cb25fdc3389db98f78f19ca6a96207ceb9b7fed277da9f07b73420d109",
    "https://esm.sh/@octokit/plugin-rest-endpoint-methods@17.0.0?target=denonext": "64e312eb758f4769b055d5b729d5d6a3dc5c537988124a649a17a627737ebc5a",
    "https://esm.sh/@octokit/plugin-retry@8.1.0/denonext/plugin-retry.mjs": "3ed1f6d5b151cc29fd86f9fad505e199dc01b9fe074466b4999cd3ae73efbe7f",
    "https://esm.sh/@octokit/plugin-retry@8.1.0?target=denonext": "115aeb60f5ac43b19429788f117a5a5b71bb355176b0c9c671947dc2a400d418",
    "https://esm.sh/@octokit/plugin-throttling@11.0.3/denonext/plugin-throttling.mjs": "96b1348101fdc7ede2dc818ec1e567d82dbfc03964725a72f72280312d76eeb3",
    "https://esm.sh/@octokit/plugin-throttling@11.0.3?target=denonext": "47bc991624b3c2f45ad537e2ae52a38cdc2eac2ec350a48cab7f900dc7c54447",
    "https://esm.sh/@octokit/request-error@7.1.0/denonext/request-error.mjs": "478467e3bb9a33094ddb2eb0b2a802149c6983f53d4558fc3ce420e03887d2fd",
    "https://esm.sh/@octokit/request-error@7.1.0?target=denonext": "a277cd7b89f98eaadfa836c906f33ec4442b8af0de0504958ad3b177826e127c",
    "https://esm.sh/@octokit/request@10.0.8/denonext/request.mjs": "597c07f65c2b289dd571bc6b6d0bca03b9849af82a15f6c586284222fb2d007c",
    "https://esm.sh/@octokit/request@10.0.8?target=denonext": "d18b809fe98cf916778cf249483e232eab029d4de47db852bac1f6eb5708ea12",
    "https://esm.sh/@octokit/webhooks-methods@6.0.0/denonext/webhooks-methods.mjs": "d16f5ed27faa651d4f688c7cf869ce4ae4b390e9634223f259465652f2ba9dcb",
    "https://esm.sh/@octokit/webhooks-methods@6.0.0?target=denonext": "4cabdc31b52d5428a370f7adcef99395391cc1dc7938cbc6002e0297c1997809",
    "https://esm.sh/@octokit/webhooks@14.2.0/denonext/webhooks.mjs": "94229282e4294cf6ad9acf3d425ad03cb2621bf3008497ad9d8329f5b58207e5",
    "https://esm.sh/@octokit/webhooks@14.2.0?target=denonext": "fd399a7521e330d0ba34f636854cfe840a26d1371f41db95e48aeb683f3cf382",
    "https://esm.sh/before-after-hook@4.0.0/denonext/before-after-hook.mjs": "0b717c21a1377a7424a19d238df2c7c1f3c3756ca192861a084ac8cb6710eada",
    "https://esm.sh/before-after-hook@4.0.0?target=denonext": "a736542fbca8aa4f8eaa30249a6f579758fbda59aef2fbed9f10ac7974982421",
    "https://esm.sh/bottleneck@2.19.5/denonext/light.mjs": "b6b510992e415f20900c4c7a9a03fd5d78479456ca44db90493895b37c5b87b7",
    "https://esm.sh/bottleneck@2.19.5/light?target=denonext": "c53ee9007926e5a49e291e0a0f2e1113735d65271a33eb609ac9ad309def4878",
    "https://esm.sh/fast-content-type-parse@3.0.0/denonext/fast-content-type-parse.mjs": "e2988912b33fdaacf282c193bfb39ff0739cdaa3e9dbcf15e9fda4d5221033d0",
    "https://esm.sh/fast-content-type-parse@3.0.0?target=denonext": "d3c0ad21dadee727b7226fbac0685c3b9373705b8f8ac05d1d0f13e07506c8a8",
    "https://esm.sh/json-with-bigint@3.5.8/denonext/json-with-bigint.mjs": "9713c04f9874a51dcc90e5e416d05dfb1733ee8e41b4fa91464d2089fe5e6725",
    "https://esm.sh/json-with-bigint@3.5.8?target=denonext": "bda98eb4a3d99c1d4aeedc27a25251563dbda07fd7806e62597d6f63b815df31",
    "https://esm.sh/octokit@5.0.5/denonext/octokit.mjs": "1107bdb6f6c32996ca8f69273bb5d4e0d3af65ccd0dd7506ffee9704fb2b1157",
    "https://esm.sh/octokit@5.0.5?dts": "5d51346c11931ffbde41ca069b4b81a22ca22da1e1307ddf395097bae691eed8",
    "https://esm.sh/toad-cache@3.7.0/denonext/toad-cache.mjs": "63b78525dcc99d8f736de244e46b306b2b5f6c72db75bf1d230230d46a06ab37",
    "https://esm.sh/toad-cache@3.7.0?target=denonext": "e17c2f2729b3268a6ecb412b975002ebaa66894c2e5e0a657a38d1176a1f02d4",
    "https://esm.sh/universal-github-app-jwt@2.2.2/denonext/universal-github-app-jwt.mjs": "002836bd32a28f8568c0869780ce90c7caede965b05628d1ed0add999c30d513",
    "https://esm.sh/universal-github-app-jwt@2.2.2?target=denonext": "30b600b05e1b5a3b5c282d285461807b79950da3812dfe040b46a46ecdd3219b",
    "https://esm.sh/universal-user-agent@7.0.3/denonext/universal-user-agent.mjs": "021090b5f3bb060b1b0364cb79daa2cc3760db58a023cd8892a098e6256a84c4",
    "https://esm.sh/universal-user-agent@7.0.3?target=denonext": "78cc32318bbfe205823697bc1fcec2e9a15a435cca022aaeb93024a61e106224"
  }
}
